
Microsoft Visual Studio Solution File, Format Version 12.00
# Visual Studio Version 17
VisualStudioVersion = 17.1.32407.343
MinimumVisualStudioVersion = 10.0.40219.1
Project("{FAE04EC0-301F-11D3-BF4B-00C04F79EFBC}") = "Inventory.Server", "Inventory\Server\Inventory.Server.csproj", "{C52CB997-00FA-4957-BA0A-690F45FE457F}"
EndProject
Project("{FAE04EC0-301F-11D3-BF4B-00C04F79EFBC}") = "Inventory.Client", "Inventory\Client\Inventory.Client.csproj", "{2C5FE5FC-9A12-4FEA-8859-F84E409F4B44}"
EndProject
Project("{FAE04EC0-301F-11D3-BF4B-00C04F79EFBC}") = "Inventory.Shared", "Inventory\Shared\Inventory.Shared.csproj", "{315144E2-85D1-47D8-8E0D-9C7AA58ECA53}"
EndProject
Global
	GlobalSection(SolutionConfigurationPlatforms) = preSolution
		Debug|Any CPU = Debug|Any CPU
		Release|Any CPU = Release|Any CPU
	EndGlobalSection
	GlobalSection(ProjectConfigurationPlatforms) = postSolution
		{C52CB997-00FA-4957-BA0A-690F45FE457F}.Debug|Any CPU.ActiveCfg = Debug|Any CPU
		{C52CB997-00FA-4957-BA0A-690F45FE457F}.Debug|Any CPU.Build.0 = Debug|Any CPU
		{C52CB997-00FA-4957-BA0A-690F45FE457F}.Release|Any CPU.ActiveCfg = Release|Any CPU
		{C52CB997-00FA-4957-BA0A-690F45FE457F}.Release|Any CPU.Build.0 = Release|Any CPU
		{2C5FE5FC-9A12-4FEA-8859-F84E409F4B44}.Debug|Any CPU.ActiveCfg = Debug|Any CPU
		{2C5FE5FC-9A12-4FEA-8859-F84E409F4B44}.Debug|Any CPU.Build.0 = Debug|Any CPU
		{2C5FE5FC-9A12-4FEA-8859-F84E409F4B44}.Release|Any CPU.ActiveCfg = Release|Any CPU
		{2C5FE5FC-9A12-4FEA-8859-F84E409F4B44}.Release|Any CPU.Build.0 = Release|Any CPU
		{315144E2-85D1-47D8-8E0D-9C7AA58ECA53}.Debug|Any CPU.ActiveCfg = Debug|Any CPU
		{315144E2-85D1-47D8-8E0D-9C7AA58ECA53}.Debug|Any CPU.Build.0 = Debug|Any CPU
		{315144E2-85D1-47D8-8E0D-9C7AA58ECA53}.Release|Any CPU.ActiveCfg = Release|Any CPU
		{315144E2-85D1-47D8-8E0D-9C7AA58ECA53}.Release|Any CPU.Build.0 = Release|Any CPU
	EndGlobalSection
	GlobalSection(SolutionProperties) = preSolution
		HideSolutionNode = FALSE
	EndGlobalSection
	GlobalSection(ExtensibilityGlobals) = postSolution
		SolutionGuid = {3DA30605-0011-4580-9ED8-0F3D1F8DAC56}
	EndGlobalSection
EndGlobal
